
Microsoft Visual Studio Solution File, Format Version 12.00
# Visual Studio 2013
VisualStudioVersion = 12.0.30501.0
MinimumVisualStudioVersion = 10.0.40219.1
Project("{FAE04EC0-301F-11D3-BF4B-00C04F79EFBC}") = "ALFREDPOS", "ALFREDPOS\ALFREDPOS.csproj", "{439B7CA2-C554-4698-9DAB-C80C0209CFED}"
EndProject
Project("{2150E333-8FDC-42A3-9474-1A3956D46DE8}") = "Solution Items", "Solution Items", "{AB58C978-B472-41D1-B082-7555F5D02E82}"
	ProjectSection(SolutionItems) = preProject
		SolutionAssemblyInfo.cs = SolutionAssemblyInfo.cs
	EndProjectSection
EndProject
Project("{FAE04EC0-301F-11D3-BF4B-00C04F79EFBC}") = "MPSWidgetHostingControl", "MPSWidgetHostingControl\MPSWidgetHostingControl.csproj", "{3BE21FCE-AA6C-47FF-887B-2803282C5A36}"
EndProject
Project("{8BC9CEB8-8B4A-11D0-8D11-00A0C91BC942}") = "MFCAlfredPOS", "MFCAlfredPOS\MFCAlfredPOS.vcxproj", "{E5363A86-35B0-40A7-8F76-82BE7359DDF7}"
EndProject
Project("{930C7802-8A8C-48F9-8165-68863BCCD9DD}") = "MpsWidgetHostingControlInstaller", "MpsWidgetHostingControlInstaller\MpsWidgetHostingControlInstaller.wixproj", "{A365E662-040E-41F1-A788-5C184E3E9140}"
EndProject
Global
	GlobalSection(TeamFoundationVersionControl) = preSolution
		SccNumberOfProjects = 5
		SccEnterpriseProvider = {4CA58AB2-18FA-4F8D-95D4-32DDF27D184C}
		SccTeamFoundationServer = http://falcon:8080/tfs/default
		SccLocalPath0 = .
		SccProjectUniqueName1 = ALFREDPOS\\ALFREDPOS.csproj
		SccProjectName1 = ALFREDPOS
		SccLocalPath1 = ALFREDPOS
		SccProjectUniqueName2 = MPSWidgetHostingControl\\MPSWidgetHostingControl.csproj
		SccProjectName2 = MPSWidgetHostingControl
		SccLocalPath2 = MPSWidgetHostingControl
		SccProjectUniqueName3 = MFCAlfredPOS\\MFCAlfredPOS.vcxproj
		SccProjectName3 = MFCAlfredPOS
		SccLocalPath3 = MFCAlfredPOS
		SccProjectUniqueName4 = MpsWidgetHostingControlInstaller\\MpsWidgetHostingControlInstaller.wixproj
		SccProjectName4 = MpsWidgetHostingControlInstaller
		SccLocalPath4 = MpsWidgetHostingControlInstaller
	EndGlobalSection
	GlobalSection(SolutionConfigurationPlatforms) = preSolution
		CD_ROM|Any CPU = CD_ROM|Any CPU
		CD_ROM|Mixed Platforms = CD_ROM|Mixed Platforms
		CD_ROM|Win32 = CD_ROM|Win32
		CD_ROM|x86 = CD_ROM|x86
		Debug|Any CPU = Debug|Any CPU
		Debug|Mixed Platforms = Debug|Mixed Platforms
		Debug|Win32 = Debug|Win32
		Debug|x86 = Debug|x86
		DVD-5|Any CPU = DVD-5|Any CPU
		DVD-5|Mixed Platforms = DVD-5|Mixed Platforms
		DVD-5|Win32 = DVD-5|Win32
		DVD-5|x86 = DVD-5|x86
		Release|Any CPU = Release|Any CPU
		Release|Mixed Platforms = Release|Mixed Platforms
		Release|Win32 = Release|Win32
		Release|x86 = Release|x86
		SingleImage|Any CPU = SingleImage|Any CPU
		SingleImage|Mixed Platforms = SingleImage|Mixed Platforms
		SingleImage|Win32 = SingleImage|Win32
		SingleImage|x86 = SingleImage|x86
	EndGlobalSection
	GlobalSection(ProjectConfigurationPlatforms) = postSolution
		{439B7CA2-C554-4698-9DAB-C80C0209CFED}.CD_ROM|Any CPU.ActiveCfg = Release|Any CPU
		{439B7CA2-C554-4698-9DAB-C80C0209CFED}.CD_ROM|Any CPU.Build.0 = Release|Any CPU
		{439B7CA2-C554-4698-9DAB-C80C0209CFED}.CD_ROM|Mixed Platforms.ActiveCfg = Release|Any CPU
		{439B7CA2-C554-4698-9DAB-C80C0209CFED}.CD_ROM|Mixed Platforms.Build.0 = Release|Any CPU
		{439B7CA2-C554-4698-9DAB-C80C0209CFED}.CD_ROM|Win32.ActiveCfg = Release|Any CPU
		{439B7CA2-C554-4698-9DAB-C80C0209CFED}.CD_ROM|x86.ActiveCfg = Debug|Any CPU
		{439B7CA2-C554-4698-9DAB-C80C0209CFED}.Debug|Any CPU.ActiveCfg = Debug|Any CPU
		{439B7CA2-C554-4698-9DAB-C80C0209CFED}.Debug|Any CPU.Build.0 = Debug|Any CPU
		{439B7CA2-C554-4698-9DAB-C80C0209CFED}.Debug|Mixed Platforms.ActiveCfg = Debug|Any CPU
		{439B7CA2-C554-4698-9DAB-C80C0209CFED}.Debug|Mixed Platforms.Build.0 = Debug|Any CPU
		{439B7CA2-C554-4698-9DAB-C80C0209CFED}.Debug|Win32.ActiveCfg = Debug|Any CPU
		{439B7CA2-C554-4698-9DAB-C80C0209CFED}.Debug|x86.ActiveCfg = Debug|Any CPU
		{439B7CA2-C554-4698-9DAB-C80C0209CFED}.DVD-5|Any CPU.ActiveCfg = Debug|Any CPU
		{439B7CA2-C554-4698-9DAB-C80C0209CFED}.DVD-5|Any CPU.Build.0 = Debug|Any CPU
		{439B7CA2-C554-4698-9DAB-C80C0209CFED}.DVD-5|Mixed Platforms.ActiveCfg = Debug|Any CPU
		{439B7CA2-C554-4698-9DAB-C80C0209CFED}.DVD-5|Mixed Platforms.Build.0 = Debug|Any CPU
		{439B7CA2-C554-4698-9DAB-C80C0209CFED}.DVD-5|Win32.ActiveCfg = Debug|Any CPU
		{439B7CA2-C554-4698-9DAB-C80C0209CFED}.DVD-5|x86.ActiveCfg = Debug|Any CPU
		{439B7CA2-C554-4698-9DAB-C80C0209CFED}.Release|Any CPU.ActiveCfg = Release|Any CPU
		{439B7CA2-C554-4698-9DAB-C80C0209CFED}.Release|Any CPU.Build.0 = Release|Any CPU
		{439B7CA2-C554-4698-9DAB-C80C0209CFED}.Release|Mixed Platforms.ActiveCfg = Release|Any CPU
		{439B7CA2-C554-4698-9DAB-C80C0209CFED}.Release|Mixed Platforms.Build.0 = Release|Any CPU
		{439B7CA2-C554-4698-9DAB-C80C0209CFED}.Release|Win32.ActiveCfg = Release|Any CPU
		{439B7CA2-C554-4698-9DAB-C80C0209CFED}.Release|x86.ActiveCfg = Release|Any CPU
		{439B7CA2-C554-4698-9DAB-C80C0209CFED}.SingleImage|Any CPU.ActiveCfg = Release|Any CPU
		{439B7CA2-C554-4698-9DAB-C80C0209CFED}.SingleImage|Any CPU.Build.0 = Release|Any CPU
		{439B7CA2-C554-4698-9DAB-C80C0209CFED}.SingleImage|Mixed Platforms.ActiveCfg = Release|Any CPU
		{439B7CA2-C554-4698-9DAB-C80C0209CFED}.SingleImage|Mixed Platforms.Build.0 = Release|Any CPU
		{439B7CA2-C554-4698-9DAB-C80C0209CFED}.SingleImage|Win32.ActiveCfg = Release|Any CPU
		{439B7CA2-C554-4698-9DAB-C80C0209CFED}.SingleImage|x86.ActiveCfg = Debug|Any CPU
		{3BE21FCE-AA6C-47FF-887B-2803282C5A36}.CD_ROM|Any CPU.ActiveCfg = Release|Any CPU
		{3BE21FCE-AA6C-47FF-887B-2803282C5A36}.CD_ROM|Any CPU.Build.0 = Release|Any CPU
		{3BE21FCE-AA6C-47FF-887B-2803282C5A36}.CD_ROM|Mixed Platforms.ActiveCfg = Release|Any CPU
		{3BE21FCE-AA6C-47FF-887B-2803282C5A36}.CD_ROM|Mixed Platforms.Build.0 = Release|Any CPU
		{3BE21FCE-AA6C-47FF-887B-2803282C5A36}.CD_ROM|Win32.ActiveCfg = Release|Any CPU
		{3BE21FCE-AA6C-47FF-887B-2803282C5A36}.CD_ROM|x86.ActiveCfg = Debug|Any CPU
		{3BE21FCE-AA6C-47FF-887B-2803282C5A36}.Debug|Any CPU.ActiveCfg = Debug|Any CPU
		{3BE21FCE-AA6C-47FF-887B-2803282C5A36}.Debug|Any CPU.Build.0 = Debug|Any CPU
		{3BE21FCE-AA6C-47FF-887B-2803282C5A36}.Debug|Mixed Platforms.ActiveCfg = Debug|Any CPU
		{3BE21FCE-AA6C-47FF-887B-2803282C5A36}.Debug|Mixed Platforms.Build.0 = Debug|Any CPU
		{3BE21FCE-AA6C-47FF-887B-2803282C5A36}.Debug|Win32.ActiveCfg = Debug|Any CPU
		{3BE21FCE-AA6C-47FF-887B-2803282C5A36}.Debug|x86.ActiveCfg = Debug|Any CPU
		{3BE21FCE-AA6C-47FF-887B-2803282C5A36}.DVD-5|Any CPU.ActiveCfg = Debug|Any CPU
		{3BE21FCE-AA6C-47FF-887B-2803282C5A36}.DVD-5|Any CPU.Build.0 = Debug|Any CPU
		{3BE21FCE-AA6C-47FF-887B-2803282C5A36}.DVD-5|Mixed Platforms.ActiveCfg = Debug|Any CPU
		{3BE21FCE-AA6C-47FF-887B-2803282C5A36}.DVD-5|Mixed Platforms.Build.0 = Debug|Any CPU
		{3BE21FCE-AA6C-47FF-887B-2803282C5A36}.DVD-5|Win32.ActiveCfg = Debug|Any CPU
		{3BE21FCE-AA6C-47FF-887B-2803282C5A36}.DVD-5|x86.ActiveCfg = Debug|Any CPU
		{3BE21FCE-AA6C-47FF-887B-2803282C5A36}.Release|Any CPU.ActiveCfg = Release|Any CPU
		{3BE21FCE-AA6C-47FF-887B-2803282C5A36}.Release|Any CPU.Build.0 = Release|Any CPU
		{3BE21FCE-AA6C-47FF-887B-2803282C5A36}.Release|Mixed Platforms.ActiveCfg = Release|Any CPU
		{3BE21FCE-AA6C-47FF-887B-2803282C5A36}.Release|Mixed Platforms.Build.0 = Release|Any CPU
		{3BE21FCE-AA6C-47FF-887B-2803282C5A36}.Release|Win32.ActiveCfg = Release|Any CPU
		{3BE21FCE-AA6C-47FF-887B-2803282C5A36}.Release|x86.ActiveCfg = Release|Any CPU
		{3BE21FCE-AA6C-47FF-887B-2803282C5A36}.SingleImage|Any CPU.ActiveCfg = Release|Any CPU
		{3BE21FCE-AA6C-47FF-887B-2803282C5A36}.SingleImage|Any CPU.Build.0 = Release|Any CPU
		{3BE21FCE-AA6C-47FF-887B-2803282C5A36}.SingleImage|Mixed Platforms.ActiveCfg = Release|Any CPU
		{3BE21FCE-AA6C-47FF-887B-2803282C5A36}.SingleImage|Mixed Platforms.Build.0 = Release|Any CPU
		{3BE21FCE-AA6C-47FF-887B-2803282C5A36}.SingleImage|Win32.ActiveCfg = Release|Any CPU
		{3BE21FCE-AA6C-47FF-887B-2803282C5A36}.SingleImage|x86.ActiveCfg = Debug|Any CPU
		{E5363A86-35B0-40A7-8F76-82BE7359DDF7}.CD_ROM|Any CPU.ActiveCfg = Release|Win32
		{E5363A86-35B0-40A7-8F76-82BE7359DDF7}.CD_ROM|Mixed Platforms.ActiveCfg = Release|Win32
		{E5363A86-35B0-40A7-8F76-82BE7359DDF7}.CD_ROM|Mixed Platforms.Build.0 = Release|Win32
		{E5363A86-35B0-40A7-8F76-82BE7359DDF7}.CD_ROM|Win32.ActiveCfg = Release|Win32
		{E5363A86-35B0-40A7-8F76-82BE7359DDF7}.CD_ROM|Win32.Build.0 = Release|Win32
		{E5363A86-35B0-40A7-8F76-82BE7359DDF7}.CD_ROM|x86.ActiveCfg = Release|Win32
		{E5363A86-35B0-40A7-8F76-82BE7359DDF7}.CD_ROM|x86.Build.0 = Release|Win32
		{E5363A86-35B0-40A7-8F76-82BE7359DDF7}.Debug|Any CPU.ActiveCfg = Debug|Win32
		{E5363A86-35B0-40A7-8F76-82BE7359DDF7}.Debug|Mixed Platforms.ActiveCfg = Debug|Win32
		{E5363A86-35B0-40A7-8F76-82BE7359DDF7}.Debug|Mixed Platforms.Build.0 = Debug|Win32
		{E5363A86-35B0-40A7-8F76-82BE7359DDF7}.Debug|Win32.ActiveCfg = Debug|Win32
		{E5363A86-35B0-40A7-8F76-82BE7359DDF7}.Debug|Win32.Build.0 = Debug|Win32
		{E5363A86-35B0-40A7-8F76-82BE7359DDF7}.Debug|x86.ActiveCfg = Debug|Win32
		{E5363A86-35B0-40A7-8F76-82BE7359DDF7}.Debug|x86.Build.0 = Debug|Win32
		{E5363A86-35B0-40A7-8F76-82BE7359DDF7}.DVD-5|Any CPU.ActiveCfg = Debug|Win32
		{E5363A86-35B0-40A7-8F76-82BE7359DDF7}.DVD-5|Mixed Platforms.ActiveCfg = Debug|Win32
		{E5363A86-35B0-40A7-8F76-82BE7359DDF7}.DVD-5|Mixed Platforms.Build.0 = Debug|Win32
		{E5363A86-35B0-40A7-8F76-82BE7359DDF7}.DVD-5|Win32.ActiveCfg = Debug|Win32
		{E5363A86-35B0-40A7-8F76-82BE7359DDF7}.DVD-5|Win32.Build.0 = Debug|Win32
		{E5363A86-35B0-40A7-8F76-82BE7359DDF7}.DVD-5|x86.ActiveCfg = Debug|Win32
		{E5363A86-35B0-40A7-8F76-82BE7359DDF7}.DVD-5|x86.Build.0 = Debug|Win32
		{E5363A86-35B0-40A7-8F76-82BE7359DDF7}.Release|Any CPU.ActiveCfg = Release|Win32
		{E5363A86-35B0-40A7-8F76-82BE7359DDF7}.Release|Mixed Platforms.ActiveCfg = Release|Win32
		{E5363A86-35B0-40A7-8F76-82BE7359DDF7}.Release|Mixed Platforms.Build.0 = Release|Win32
		{E5363A86-35B0-40A7-8F76-82BE7359DDF7}.Release|Win32.ActiveCfg = Release|Win32
		{E5363A86-35B0-40A7-8F76-82BE7359DDF7}.Release|Win32.Build.0 = Release|Win32
		{E5363A86-35B0-40A7-8F76-82BE7359DDF7}.Release|x86.ActiveCfg = Release|Win32
		{E5363A86-35B0-40A7-8F76-82BE7359DDF7}.Release|x86.Build.0 = Release|Win32
		{E5363A86-35B0-40A7-8F76-82BE7359DDF7}.SingleImage|Any CPU.ActiveCfg = Release|Win32
		{E5363A86-35B0-40A7-8F76-82BE7359DDF7}.SingleImage|Mixed Platforms.ActiveCfg = Release|Win32
		{E5363A86-35B0-40A7-8F76-82BE7359DDF7}.SingleImage|Mixed Platforms.Build.0 = Release|Win32
		{E5363A86-35B0-40A7-8F76-82BE7359DDF7}.SingleImage|Win32.ActiveCfg = Release|Win32
		{E5363A86-35B0-40A7-8F76-82BE7359DDF7}.SingleImage|Win32.Build.0 = Release|Win32
		{E5363A86-35B0-40A7-8F76-82BE7359DDF7}.SingleImage|x86.ActiveCfg = Release|Win32
		{E5363A86-35B0-40A7-8F76-82BE7359DDF7}.SingleImage|x86.Build.0 = Release|Win32
		{A365E662-040E-41F1-A788-5C184E3E9140}.CD_ROM|Any CPU.ActiveCfg = Release|x86
		{A365E662-040E-41F1-A788-5C184E3E9140}.CD_ROM|Mixed Platforms.ActiveCfg = Release|x86
		{A365E662-040E-41F1-A788-5C184E3E9140}.CD_ROM|Mixed Platforms.Build.0 = Release|x86
		{A365E662-040E-41F1-A788-5C184E3E9140}.CD_ROM|Win32.ActiveCfg = Release|x86
		{A365E662-040E-41F1-A788-5C184E3E9140}.CD_ROM|Win32.Build.0 = Release|x86
		{A365E662-040E-41F1-A788-5C184E3E9140}.CD_ROM|x86.ActiveCfg = Release|x86
		{A365E662-040E-41F1-A788-5C184E3E9140}.CD_ROM|x86.Build.0 = Release|x86
		{A365E662-040E-41F1-A788-5C184E3E9140}.Debug|Any CPU.ActiveCfg = Debug|x86
		{A365E662-040E-41F1-A788-5C184E3E9140}.Debug|Mixed Platforms.ActiveCfg = Debug|x86
		{A365E662-040E-41F1-A788-5C184E3E9140}.Debug|Mixed Platforms.Build.0 = Debug|x86
		{A365E662-040E-41F1-A788-5C184E3E9140}.Debug|Win32.ActiveCfg = Debug|x86
		{A365E662-040E-41F1-A788-5C184E3E9140}.Debug|Win32.Build.0 = Debug|x86
		{A365E662-040E-41F1-A788-5C184E3E9140}.Debug|x86.ActiveCfg = Debug|x86
		{A365E662-040E-41F1-A788-5C184E3E9140}.Debug|x86.Build.0 = Debug|x86
		{A365E662-040E-41F1-A788-5C184E3E9140}.DVD-5|Any CPU.ActiveCfg = Debug|x86
		{A365E662-040E-41F1-A788-5C184E3E9140}.DVD-5|Mixed Platforms.ActiveCfg = Debug|x86
		{A365E662-040E-41F1-A788-5C184E3E9140}.DVD-5|Mixed Platforms.Build.0 = Debug|x86
		{A365E662-040E-41F1-A788-5C184E3E9140}.DVD-5|Win32.ActiveCfg = Debug|x86
		{A365E662-040E-41F1-A788-5C184E3E9140}.DVD-5|Win32.Build.0 = Debug|x86
		{A365E662-040E-41F1-A788-5C184E3E9140}.DVD-5|x86.ActiveCfg = Debug|x86
		{A365E662-040E-41F1-A788-5C184E3E9140}.DVD-5|x86.Build.0 = Debug|x86
		{A365E662-040E-41F1-A788-5C184E3E9140}.Release|Any CPU.ActiveCfg = Release|x86
		{A365E662-040E-41F1-A788-5C184E3E9140}.Release|Mixed Platforms.ActiveCfg = Release|x86
		{A365E662-040E-41F1-A788-5C184E3E9140}.Release|Mixed Platforms.Build.0 = Release|x86
		{A365E662-040E-41F1-A788-5C184E3E9140}.Release|Win32.ActiveCfg = Release|x86
		{A365E662-040E-41F1-A788-5C184E3E9140}.Release|Win32.Build.0 = Release|x86
		{A365E662-040E-41F1-A788-5C184E3E9140}.Release|x86.ActiveCfg = Release|x86
		{A365E662-040E-41F1-A788-5C184E3E9140}.Release|x86.Build.0 = Release|x86
		{A365E662-040E-41F1-A788-5C184E3E9140}.SingleImage|Any CPU.ActiveCfg = Release|x86
		{A365E662-040E-41F1-A788-5C184E3E9140}.SingleImage|Mixed Platforms.ActiveCfg = Release|x86
		{A365E662-040E-41F1-A788-5C184E3E9140}.SingleImage|Mixed Platforms.Build.0 = Release|x86
		{A365E662-040E-41F1-A788-5C184E3E9140}.SingleImage|Win32.ActiveCfg = Release|x86
		{A365E662-040E-41F1-A788-5C184E3E9140}.SingleImage|Win32.Build.0 = Release|x86
		{A365E662-040E-41F1-A788-5C184E3E9140}.SingleImage|x86.ActiveCfg = Release|x86
		{A365E662-040E-41F1-A788-5C184E3E9140}.SingleImage|x86.Build.0 = Release|x86
	EndGlobalSection
	GlobalSection(SolutionProperties) = preSolution
		HideSolutionNode = FALSE
	EndGlobalSection
EndGlobal
