
Microsoft Visual Studio Solution File, Format Version 12.00
# Visual Studio Express 2013 for Windows Desktop
VisualStudioVersion = 12.0.21005.1
MinimumVisualStudioVersion = 10.0.40219.1
Project("{FAE04EC0-301F-11D3-BF4B-00C04F79EFBC}") = "ALFREDPOS", "ALFREDPOS\ALFREDPOS.csproj", "{439B7CA2-C554-4698-9DAB-C80C0209CFED}"
EndProject
Project("{2150E333-8FDC-42A3-9474-1A3956D46DE8}") = "Solution Items", "Solution Items", "{AB58C978-B472-41D1-B082-7555F5D02E82}"
	ProjectSection(SolutionItems) = preProject
		SolutionAssemblyInfo.cs = SolutionAssemblyInfo.cs
	EndProjectSection
EndProject
Project("{FAE04EC0-301F-11D3-BF4B-00C04F79EFBC}") = "MPSWidgetHostingControl", "MPSWidgetHostingControl\MPSWidgetHostingControl.csproj", "{3BE21FCE-AA6C-47FF-887B-2803282C5A36}"
EndProject
Global
	GlobalSection(SolutionConfigurationPlatforms) = preSolution
		CD_ROM|Any CPU = CD_ROM|Any CPU
		CD_ROM|Mixed Platforms = CD_ROM|Mixed Platforms
		CD_ROM|Win32 = CD_ROM|Win32
		CD_ROM|x86 = CD_ROM|x86
		Debug|Any CPU = Debug|Any CPU
		Debug|Mixed Platforms = Debug|Mixed Platforms
		Debug|Win32 = Debug|Win32
		Debug|x86 = Debug|x86
		DVD-5|Any CPU = DVD-5|Any CPU
		DVD-5|Mixed Platforms = DVD-5|Mixed Platforms
		DVD-5|Win32 = DVD-5|Win32
		DVD-5|x86 = DVD-5|x86
		Release|Any CPU = Release|Any CPU
		Release|Mixed Platforms = Release|Mixed Platforms
		Release|Win32 = Release|Win32
		Release|x86 = Release|x86
		SingleImage|Any CPU = SingleImage|Any CPU
		SingleImage|Mixed Platforms = SingleImage|Mixed Platforms
		SingleImage|Win32 = SingleImage|Win32
		SingleImage|x86 = SingleImage|x86
	EndGlobalSection
	GlobalSection(ProjectConfigurationPlatforms) = postSolution
		{439B7CA2-C554-4698-9DAB-C80C0209CFED}.CD_ROM|Any CPU.ActiveCfg = Release|Any CPU
		{439B7CA2-C554-4698-9DAB-C80C0209CFED}.CD_ROM|Any CPU.Build.0 = Release|Any CPU
		{439B7CA2-C554-4698-9DAB-C80C0209CFED}.CD_ROM|Mixed Platforms.ActiveCfg = Release|Any CPU
		{439B7CA2-C554-4698-9DAB-C80C0209CFED}.CD_ROM|Mixed Platforms.Build.0 = Release|Any CPU
		{439B7CA2-C554-4698-9DAB-C80C0209CFED}.CD_ROM|Win32.ActiveCfg = Release|Any CPU
		{439B7CA2-C554-4698-9DAB-C80C0209CFED}.CD_ROM|x86.ActiveCfg = Debug|Any CPU
		{439B7CA2-C554-4698-9DAB-C80C0209CFED}.Debug|Any CPU.ActiveCfg = Debug|Any CPU
		{439B7CA2-C554-4698-9DAB-C80C0209CFED}.Debug|Any CPU.Build.0 = Debug|Any CPU
		{439B7CA2-C554-4698-9DAB-C80C0209CFED}.Debug|Mixed Platforms.ActiveCfg = Debug|Any CPU
		{439B7CA2-C554-4698-9DAB-C80C0209CFED}.Debug|Mixed Platforms.Build.0 = Debug|Any CPU
		{439B7CA2-C554-4698-9DAB-C80C0209CFED}.Debug|Win32.ActiveCfg = Debug|Any CPU
		{439B7CA2-C554-4698-9DAB-C80C0209CFED}.Debug|x86.ActiveCfg = Debug|Any CPU
		{439B7CA2-C554-4698-9DAB-C80C0209CFED}.DVD-5|Any CPU.ActiveCfg = Debug|Any CPU
		{439B7CA2-C554-4698-9DAB-C80C0209CFED}.DVD-5|Any CPU.Build.0 = Debug|Any CPU
		{439B7CA2-C554-4698-9DAB-C80C0209CFED}.DVD-5|Mixed Platforms.ActiveCfg = Debug|Any CPU
		{439B7CA2-C554-4698-9DAB-C80C0209CFED}.DVD-5|Mixed Platforms.Build.0 = Debug|Any CPU
		{439B7CA2-C554-4698-9DAB-C80C0209CFED}.DVD-5|Win32.ActiveCfg = Debug|Any CPU
		{439B7CA2-C554-4698-9DAB-C80C0209CFED}.DVD-5|x86.ActiveCfg = Debug|Any CPU
		{439B7CA2-C554-4698-9DAB-C80C0209CFED}.Release|Any CPU.ActiveCfg = Release|Any CPU
		{439B7CA2-C554-4698-9DAB-C80C0209CFED}.Release|Any CPU.Build.0 = Release|Any CPU
		{439B7CA2-C554-4698-9DAB-C80C0209CFED}.Release|Mixed Platforms.ActiveCfg = Release|Any CPU
		{439B7CA2-C554-4698-9DAB-C80C0209CFED}.Release|Mixed Platforms.Build.0 = Release|Any CPU
		{439B7CA2-C554-4698-9DAB-C80C0209CFED}.Release|Win32.ActiveCfg = Release|Any CPU
		{439B7CA2-C554-4698-9DAB-C80C0209CFED}.Release|x86.ActiveCfg = Release|Any CPU
		{439B7CA2-C554-4698-9DAB-C80C0209CFED}.SingleImage|Any CPU.ActiveCfg = Release|Any CPU
		{439B7CA2-C554-4698-9DAB-C80C0209CFED}.SingleImage|Any CPU.Build.0 = Release|Any CPU
		{439B7CA2-C554-4698-9DAB-C80C0209CFED}.SingleImage|Mixed Platforms.ActiveCfg = Release|Any CPU
		{439B7CA2-C554-4698-9DAB-C80C0209CFED}.SingleImage|Mixed Platforms.Build.0 = Release|Any CPU
		{439B7CA2-C554-4698-9DAB-C80C0209CFED}.SingleImage|Win32.ActiveCfg = Release|Any CPU
		{439B7CA2-C554-4698-9DAB-C80C0209CFED}.SingleImage|x86.ActiveCfg = Debug|Any CPU
		{3BE21FCE-AA6C-47FF-887B-2803282C5A36}.CD_ROM|Any CPU.ActiveCfg = Release|Any CPU
		{3BE21FCE-AA6C-47FF-887B-2803282C5A36}.CD_ROM|Any CPU.Build.0 = Release|Any CPU
		{3BE21FCE-AA6C-47FF-887B-2803282C5A36}.CD_ROM|Mixed Platforms.ActiveCfg = Release|Any CPU
		{3BE21FCE-AA6C-47FF-887B-2803282C5A36}.CD_ROM|Mixed Platforms.Build.0 = Release|Any CPU
		{3BE21FCE-AA6C-47FF-887B-2803282C5A36}.CD_ROM|Win32.ActiveCfg = Release|Any CPU
		{3BE21FCE-AA6C-47FF-887B-2803282C5A36}.CD_ROM|x86.ActiveCfg = Debug|Any CPU
		{3BE21FCE-AA6C-47FF-887B-2803282C5A36}.Debug|Any CPU.ActiveCfg = Debug|Any CPU
		{3BE21FCE-AA6C-47FF-887B-2803282C5A36}.Debug|Any CPU.Build.0 = Debug|Any CPU
		{3BE21FCE-AA6C-47FF-887B-2803282C5A36}.Debug|Mixed Platforms.ActiveCfg = Debug|Any CPU
		{3BE21FCE-AA6C-47FF-887B-2803282C5A36}.Debug|Mixed Platforms.Build.0 = Debug|Any CPU
		{3BE21FCE-AA6C-47FF-887B-2803282C5A36}.Debug|Win32.ActiveCfg = Debug|Any CPU
		{3BE21FCE-AA6C-47FF-887B-2803282C5A36}.Debug|x86.ActiveCfg = Debug|Any CPU
		{3BE21FCE-AA6C-47FF-887B-2803282C5A36}.DVD-5|Any CPU.ActiveCfg = Debug|Any CPU
		{3BE21FCE-AA6C-47FF-887B-2803282C5A36}.DVD-5|Any CPU.Build.0 = Debug|Any CPU
		{3BE21FCE-AA6C-47FF-887B-2803282C5A36}.DVD-5|Mixed Platforms.ActiveCfg = Debug|Any CPU
		{3BE21FCE-AA6C-47FF-887B-2803282C5A36}.DVD-5|Mixed Platforms.Build.0 = Debug|Any CPU
		{3BE21FCE-AA6C-47FF-887B-2803282C5A36}.DVD-5|Win32.ActiveCfg = Debug|Any CPU
		{3BE21FCE-AA6C-47FF-887B-2803282C5A36}.DVD-5|x86.ActiveCfg = Debug|Any CPU
		{3BE21FCE-AA6C-47FF-887B-2803282C5A36}.Release|Any CPU.ActiveCfg = Release|Any CPU
		{3BE21FCE-AA6C-47FF-887B-2803282C5A36}.Release|Any CPU.Build.0 = Release|Any CPU
		{3BE21FCE-AA6C-47FF-887B-2803282C5A36}.Release|Mixed Platforms.ActiveCfg = Release|Any CPU
		{3BE21FCE-AA6C-47FF-887B-2803282C5A36}.Release|Mixed Platforms.Build.0 = Release|Any CPU
		{3BE21FCE-AA6C-47FF-887B-2803282C5A36}.Release|Win32.ActiveCfg = Release|Any CPU
		{3BE21FCE-AA6C-47FF-887B-2803282C5A36}.Release|x86.ActiveCfg = Release|Any CPU
		{3BE21FCE-AA6C-47FF-887B-2803282C5A36}.SingleImage|Any CPU.ActiveCfg = Release|Any CPU
		{3BE21FCE-AA6C-47FF-887B-2803282C5A36}.SingleImage|Any CPU.Build.0 = Release|Any CPU
		{3BE21FCE-AA6C-47FF-887B-2803282C5A36}.SingleImage|Mixed Platforms.ActiveCfg = Release|Any CPU
		{3BE21FCE-AA6C-47FF-887B-2803282C5A36}.SingleImage|Mixed Platforms.Build.0 = Release|Any CPU
		{3BE21FCE-AA6C-47FF-887B-2803282C5A36}.SingleImage|Win32.ActiveCfg = Release|Any CPU
		{3BE21FCE-AA6C-47FF-887B-2803282C5A36}.SingleImage|x86.ActiveCfg = Debug|Any CPU
	EndGlobalSection
	GlobalSection(SolutionProperties) = preSolution
		HideSolutionNode = FALSE
	EndGlobalSection
EndGlobal
